
Microsoft Visual Studio Solution File, Format Version 12.00
# Visual Studio 15
VisualStudioVersion = 15.0.27130.2003
MinimumVisualStudioVersion = 10.0.40219.1
Project("{FAE04EC0-301F-11D3-BF4B-00C04F79EFBC}") = "Rover", "Rover\Rover.csproj", "{6ACBA90B-85C1-44D2-926B-00EA48AB3CC6}"
EndProject
Global
	GlobalSection(SolutionConfigurationPlatforms) = preSolution
		Debug|Any CPU = Debug|Any CPU
		Release|Any CPU = Release|Any CPU
	EndGlobalSection
	GlobalSection(ProjectConfigurationPlatforms) = postSolution
		{6ACBA90B-85C1-44D2-926B-00EA48AB3CC6}.Debug|Any CPU.ActiveCfg = Debug|Any CPU
		{6ACBA90B-85C1-44D2-926B-00EA48AB3CC6}.Debug|Any CPU.Build.0 = Debug|Any CPU
		{6ACBA90B-85C1-44D2-926B-00EA48AB3CC6}.Release|Any CPU.ActiveCfg = Release|Any CPU
		{6ACBA90B-85C1-44D2-926B-00EA48AB3CC6}.Release|Any CPU.Build.0 = Release|Any CPU
	EndGlobalSection
	GlobalSection(SolutionProperties) = preSolution
		HideSolutionNode = FALSE
	EndGlobalSection
	GlobalSection(ExtensibilityGlobals) = postSolution
		SolutionGuid = {F1615A2F-A824-46D9-B4BF-7DFC3DB35518}
	EndGlobalSection
EndGlobal
